
Microsoft Visual Studio Solution File, Format Version 12.00
# Visual Studio Version 16
VisualStudioVersion = 16.0.31424.327
MinimumVisualStudioVersion = 10.0.40219.1
Project("{FAE04EC0-301F-11D3-BF4B-00C04F79EFBC}") = "InteractiveSoftware.Assessment", "InteractiveSoftware.Assessment\InteractiveSoftware.Assessment.csproj", "{7BC5BA2F-F53D-4449-9771-5CF4F32EFBDC}"
EndProject
Global
	GlobalSection(SolutionConfigurationPlatforms) = preSolution
		Debug|Any CPU = Debug|Any CPU
		Release|Any CPU = Release|Any CPU
	EndGlobalSection
	GlobalSection(ProjectConfigurationPlatforms) = postSolution
		{7BC5BA2F-F53D-4449-9771-5CF4F32EFBDC}.Debug|Any CPU.ActiveCfg = Debug|Any CPU
		{7BC5BA2F-F53D-4449-9771-5CF4F32EFBDC}.Debug|Any CPU.Build.0 = Debug|Any CPU
		{7BC5BA2F-F53D-4449-9771-5CF4F32EFBDC}.Release|Any CPU.ActiveCfg = Release|Any CPU
		{7BC5BA2F-F53D-4449-9771-5CF4F32EFBDC}.Release|Any CPU.Build.0 = Release|Any CPU
	EndGlobalSection
	GlobalSection(SolutionProperties) = preSolution
		HideSolutionNode = FALSE
	EndGlobalSection
	GlobalSection(ExtensibilityGlobals) = postSolution
		SolutionGuid = {8C6CB5E6-368B-42A7-AD6A-6AACA2F2AE2C}
	EndGlobalSection
EndGlobal
